{
    "_meta": {
        "hash": {
            "sha256": "de9dfbd8eaea3f7b8ab7324cd338e18fb65e4b2a487a3552445270aca763ed00"
        },
        "pipfile-spec": 6,
        "requires": {
            "python_version": "3.7"
        },
        "sources": [
            {
                "name": "pypi",
                "url": "https://pypi.python.org/simple",
                "verify_ssl": true
            }
        ]
    },
    "default": {
        "elasticsearch": {
            "hashes": [
                "sha256:d228b2d37ac0865f7631335268172dbdaa426adec1da3ed006dddf05134f89c8",
                "sha256:f4bb05cfe55cf369bdcb4d86d0129d39d66a91fd9517b13cd4e4231fbfcf5c81"
            ],
            "index": "pypi",
            "version": "==7.6.0"
        },
        "urllib3": {
            "hashes": [
                "sha256:3018294ebefce6572a474f0604c2021e33b3fd8006ecd11d62107a5d2a963527",
                "sha256:88206b0eb87e6d677d424843ac5209e3fb9d0190d0ee169599165ec25e9d9115"
            ],
            "version": "==1.25.9"
        }
    },
    "develop": {}
}
